
Microsoft Visual Studio Solution File, Format Version 12.00
# Visual Studio Version 17
VisualStudioVersion = 17.13.35818.85
MinimumVisualStudioVersion = 10.0.40219.1
Project("{54A90642-561A-4BB1-A94E-469ADEE60C69}") = "CMS.Client", "CMS.Client\CMS.Client.esproj", "{5022221D-DBAF-277A-6C67-D9D496E87606}"
EndProject
Project("{FAE04EC0-301F-11D3-BF4B-00C04F79EFBC}") = "CMS.Server", "CMS.Server\CMS.Server.csproj", "{DF6A3FFF-9287-48AC-ADE4-0CC8BAFB6085}"
EndProject
Global
	GlobalSection(SolutionConfigurationPlatforms) = preSolution
		Debug|Any CPU = Debug|Any CPU
		Release|Any CPU = Release|Any CPU
	EndGlobalSection
	GlobalSection(ProjectConfigurationPlatforms) = postSolution
		{5022221D-DBAF-277A-6C67-D9D496E87606}.Debug|Any CPU.ActiveCfg = Debug|Any CPU
		{5022221D-DBAF-277A-6C67-D9D496E87606}.Debug|Any CPU.Build.0 = Debug|Any CPU
		{5022221D-DBAF-277A-6C67-D9D496E87606}.Debug|Any CPU.Deploy.0 = Debug|Any CPU
		{5022221D-DBAF-277A-6C67-D9D496E87606}.Release|Any CPU.ActiveCfg = Release|Any CPU
		{5022221D-DBAF-277A-6C67-D9D496E87606}.Release|Any CPU.Build.0 = Release|Any CPU
		{5022221D-DBAF-277A-6C67-D9D496E87606}.Release|Any CPU.Deploy.0 = Release|Any CPU
		{DF6A3FFF-9287-48AC-ADE4-0CC8BAFB6085}.Debug|Any CPU.ActiveCfg = Debug|Any CPU
		{DF6A3FFF-9287-48AC-ADE4-0CC8BAFB6085}.Debug|Any CPU.Build.0 = Debug|Any CPU
		{DF6A3FFF-9287-48AC-ADE4-0CC8BAFB6085}.Release|Any CPU.ActiveCfg = Release|Any CPU
		{DF6A3FFF-9287-48AC-ADE4-0CC8BAFB6085}.Release|Any CPU.Build.0 = Release|Any CPU
	EndGlobalSection
	GlobalSection(SolutionProperties) = preSolution
		HideSolutionNode = FALSE
	EndGlobalSection
	GlobalSection(ExtensibilityGlobals) = postSolution
		SolutionGuid = {85E81DF3-0A32-445F-9761-C305015B060B}
	EndGlobalSection
EndGlobal
